lockfileVersion: '9.0'

settings:
  autoInstallPeers: true
  excludeLinksFromLockfile: false

importers:

  .:
    dependencies:
      tiny-jsonc:
        specifier: ^1.0.2
        version: 1.0.2
    devDependencies:
      '@gi-tcg/core':
        specifier: ^0.20.8
        version: 0.20.8
      '@gi-tcg/gtsc':
        specifier: ^0.7.6
        version: 0.7.6(typescript@6.0.3)
      '@gi-tcg/prettier-plugin-gts':
        specifier: ^0.7.6
        version: 0.7.6(prettier@3.9.6)
      '@types/node':
        specifier: ^26.2.0
        version: 26.2.0
      prettier:
        specifier: ^3.9.6
        version: 3.9.6
      typescript:
        specifier: ~6.0.3
        version: 6.0.3
      yaml:
        specifier: ^2.8.1
        version: 2.9.0

packages:

  '@ark/schema@0.56.2':
    resolution: {integrity: sha512-Qx4D2JFbBWpntiHZaTv7bGG4H/M2rigiknezKg/WVyDSaLdE4YCcWAOoFB7pjjDqHbbV2OqRfntm1nnXvwMexg==}

  '@ark/util@0.56.2':
    resolution: {integrity: sha512-9kU2sUE38FZEGG7l3hamYMBieLYEJh2L1mrYD2eXpT+78EnQSV1bhjxJhnxGBMSTbtwpBSDNSK+K60WvaI/DTQ==}

  '@bufbuild/protobuf@2.14.0':
    resolution: {integrity: sha512-C3UGsiCwSprE2NKIIFA3hCDlpXTMCAXRZuEVp88L1GY36Y41+rYL5fryE+nOFhp4p4JPQvdV8PQ4DWgHgeTE+w==}

  '@gi-tcg/core@0.20.8':
    resolution: {integrity: sha512-8+O4j+7RVPL9XCT2XJDNyBItHaiXHFyc9s/N4vkiqWcNPGPi7beI1CD9V1tK+R0kkm7KzCbgx7kIRGNIT1CEHg==}

  '@gi-tcg/gts-language-plugin@0.7.6':
    resolution: {integrity: sha512-BVvCukws9dnDCMM/dUhmQM9JCL1681P8IxhQur5j3m6BbVTGgfIBImlo+XwNtpDyKt2embAjAAze7wiQddm6Yg==}
    peerDependencies:
      typescript: npm:@typescript/typescript6@^6.0.1

  '@gi-tcg/gts-runtime@0.7.7':
    resolution: {integrity: sha512-NNg93UIO+YwEgfsA2n/FRR4MWP39L9QL80OAZevDb83I0P22SIca8SOeqefAFTpDw62Knp9r+gldfsf1emXuXw==}

  '@gi-tcg/gts-transpiler@0.7.6':
    resolution: {integrity: sha512-Io/U7H0dnYudLD0yZ6EfrGD8rHxWK+3kECVI1BSRaa02HGfXlVzEzmH3mTD9dnWW7zVFRL///ShAfr1izAjzeQ==}

  '@gi-tcg/gtsc@0.7.6':
    resolution: {integrity: sha512-dv4evRWL3qoah4dYBjOQ/1vIv+wra2wanpQiSjdYUO94Kz/MUkA0BrNoJMZ68sxUw/u5DtD7fetCQBR9YzBviw==}
    hasBin: true
    peerDependencies:
      typescript: npm:@typescript/typescript6@^6.0.1

  '@gi-tcg/prettier-plugin-gts@0.7.6':
    resolution: {integrity: sha512-lta04KIa75hB1H8k5/zTd86DQTbHr3vZDV3SwHxXHdm08kbffMOnF4pt8YWod5Ii6U5fBsBLTStBMVqfkz0xOA==}
    peerDependencies:
      prettier: ^3.0.0

  '@gi-tcg/typings@0.20.8':
    resolution: {integrity: sha512-1e8RWnb0/wTxyXDjsKJn5sgp8ZL3Zjv9CA4iqz6JkNzW+CNpihOqsvCtYUJZpo+f4LFq+aC76mtXyXVl2nNChA==}

  '@gi-tcg/utils@0.20.8':
    resolution: {integrity: sha512-ml4JadcuS0crtT1bqZUCnohW0uDKHDbLXsPoZEL0nYaQUFQS6v1JmZlrCFP2K2WQ6kDVt07O4K6jbYaQwaha+Q==}

  '@jridgewell/sourcemap-codec@1.5.5':
    resolution: {integrity: sha512-cYQ9310grqxueWbl+WuIUIaiUaDcj7WOq5fVhEljNVgRfOUhY9fy2zTvfoqWsnebh8Sl70VScFbICvJnLKB0Og==}

  '@sec-ant/readable-stream@0.4.1':
    resolution: {integrity: sha512-831qok9r2t8AlxLko40y2ebgSDhenenCatLVeW/uBtnHPyhHOvG0C7TvfgecV+wHzIm5KUICgzmVpWS+IMEAeg==}

  '@sindresorhus/merge-streams@4.0.0':
    resolution: {integrity: sha512-tlqY9xq5ukxTUZBmoOp+m61cqwQD5pHJtFY3Mn8CA8ps6yghLH/Hw8UPdqg4OLmFW3IFlcXnQNmo/dh8HzXYIQ==}
    engines: {node: '>=18'}

  '@sveltejs/acorn-typescript@1.0.13':
    resolution: {integrity: sha512-wgKggnhZVL9Bfx1OaKKTrYY9BFRk6C8UAkQNUcIv1+llzYrIqy+RZm5HPKzn0NpEBvTVhTqB4kQyllZywsRBRQ==}
    peerDependencies:
      acorn: ^8.9.0

  '@types/estree@1.0.9':
    resolution: {integrity: sha512-GhdPgy1el4/ImP05X05Uw4cw2/M93BCUmnEvWZNStlCzEKME4Fkk+YpoA5OiHNQmoS7Cafb8Xa3Pya8m1Qrzeg==}

  '@types/node@26.2.0':
    resolution: {integrity: sha512-5IviulTZeRNp2vAJ514cc/HUlY5nZ9fCbq9DMyC52BrhFZACo3nI0R7qBxhQmo/d27NFe96ur/b7Wwxklda+kg==}

  '@typescript-eslint/types@8.67.0':
    resolution: {integrity: sha512-sBtgslww8nsMYUjhdPBiSyUqSzT8uR6g93A2QXnQC8+cGdjz0CyaOdqHDRJb1AtORbZCNUJBBeFA/tNR2uQmww==}
    engines: {node: ^18.18.0 || ^20.9.0 || >=21.1.0}

  '@volar/language-core@2.4.28':
    resolution: {integrity: sha512-w4qhIJ8ZSitgLAkVay6AbcnC7gP3glYM3fYwKV3srj8m494E3xtrCv6E+bWviiK/8hs6e6t1ij1s2Endql7vzQ==}

  '@volar/source-map@2.4.28':
    resolution: {integrity: sha512-yX2BDBqJkRXfKw8my8VarTyjv48QwxdJtvRgUpNE5erCsgEUdI2DsLbpa+rOQVAJYshY99szEcRDmyHbF10ggQ==}

  '@volar/typescript@2.4.28':
    resolution: {integrity: sha512-Ja6yvWrbis2QtN4ClAKreeUZPVYMARDYZl9LMEv1iQ1QdepB6wn0jTRxA9MftYmYa4DQ4k/DaSZpFPUfxl8giw==}

  acorn@8.18.0:
    resolution: {integrity: sha512-lGq+9yr1/GuAWaVYIHRjvvySG5/4VfKIvC8EWxStPdcDh/Ka7FG3twP6v4d5BkravUilhIAsG4Qj83t02LWUPQ==}
    engines: {node: '>=0.4.0'}
    hasBin: true

  ajv@8.20.0:
    resolution: {integrity: sha512-Thbli+OlOj+iMPYFBVBfJ3OmCAnaSyNn4M1vz9T6Gka5Jt9ba/HIR56joy65tY6kx/FCF5VXNB819Y7/GUrBGA==}

  arkregex@0.0.8:
    resolution: {integrity: sha512-PJcx6G1kQTgLKPUbeYlYecDRaKq15AMSGVajlKFYWlPeJRQL+j3dKE6tyMs40HZ99djS1l9Vhl3ezAHy9JBIqQ==}

  arktype@2.2.3:
    resolution: {integrity: sha512-7W+0RLTUNJiBFIIZXwOQxSR8Z273IAd6IvqBeG9+gHnQKFsIx2C0iOtGTmMrPnlX4qLXyc5+ll7A0BIj9WrbTg==}

  cross-spawn@7.0.6:
    resolution: {integrity: sha512-uV2QOWP2nWzsy2aMp8aRibhi9dlzF5Hgh5SHaB9OiTGEyDTiJJyx0uy51QXdyWbtAHNua4XJzUKca3OzKUd3vA==}
    engines: {node: '>= 8'}

  dedent@1.7.2:
    resolution: {integrity: sha512-WzMx3mW98SN+zn3hgemf4OzdmyNhhhKz5Ay0pUfQiMQ3e1g+xmTJWp/pKdwKVXhdSkAEGIIzqeuWrL3mV/AXbA==}
    peerDependencies:
      babel-plugin-macros: ^3.1.0
    peerDependenciesMeta:
      babel-plugin-macros:
        optional: true

  espolar@0.6.5:
    resolution: {integrity: sha512-2aLLfbxaAWmKguSYljKJBYQMqHU9UKrK9PIZo4WLgXC8SO69ZECEil/ZfkhQUpoFMi8mbE/xdGyIkudYqlbAqQ==}
    engines: {node: '>= 26.0.0'}
    peerDependencies:
      '@types/estree': ^1.0.9
    peerDependenciesMeta:
      '@types/estree':
        optional: true

  esrap@2.2.1:
    resolution: {integrity: sha512-GiYWG34AN/4CUyaWAgunGt0Rxvr1PTMlGC0vvEov/uOQYWne2bpN03Um+k8jT+q3op33mKouP2zeJ6OlM+qeUg==}

  execa@9.6.1:
    resolution: {integrity: sha512-9Be3ZoN4LmYR90tUoVu2te2BsbzHfhJyfEiAVfz7N5/zv+jduIfLrV2xdQXOHbaD6KgpGdO9PRPM1Y4Q9QkPkA==}
    engines: {node: ^18.19.0 || >=20.5.0}

  fast-deep-equal@3.1.3:
    resolution: {integrity: sha512-f3qQ9oQy9j2AhBe/H9VC91wLmKBCCU/gDOnKNAYG5hswO7BLKj09Hc5HYNz9cGI++xlpDCIgDaitVs03ATR84Q==}

  fast-uri@3.1.6:
    resolution: {integrity: sha512-7Ical1vFEMr0onbVzEDIreM22I4khW+fzyQPwvAFWBp1iwdshSZRsL4jjRvPG9JP1uiqMHRto+YU6R2/CzDz5Q==}

  figures@6.1.0:
    resolution: {integrity: sha512-d+l3qxjSesT4V7v2fh+QnmFnUWv9lSpjarhShNTgBOfA0ttejbQUAlHLitbjkoRiDulW0OPoQPYIGhIC8ohejg==}
    engines: {node: '>=18'}

  get-stream@9.0.1:
    resolution: {integrity: sha512-kVCxPF3vQM/N0B1PmoqVUqgHP+EeVjmZSQn+1oCRPxd2P21P2F19lIgbR3HBosbB1PUhOAoctJnfEn2GbN2eZA==}
    engines: {node: '>=18'}

  human-signals@8.0.1:
    resolution: {integrity: sha512-eKCa6bwnJhvxj14kZk5NCPc6Hb6BdsU9DZcOnmQKSnO1VKrfV0zCvtttPZUsBvjmNDn8rpcJfpwSYnHBjc95MQ==}
    engines: {node: '>=18.18.0'}

  immer@11.1.18:
    resolution: {integrity: sha512-EQyQtLiYW029lyoczMl/Hh4Xu7cDecSc58JRYpHyL4tIAu3eqd1yJzQX04d2BZHDkzFFvm6qJEJWOtfDSWAXbQ==}

  is-plain-obj@4.1.0:
    resolution: {integrity: sha512-+Pgi+vMuUNkJyExiMBt5IlFoMyKnr5zhJ4Uspz58WOhBF5QoIZkFyNHIbBAtHwzVAgk5RtndVNsDRN61/mmDqg==}
    engines: {node: '>=12'}

  is-stream@4.0.1:
    resolution: {integrity: sha512-Dnz92NInDqYckGEUJv689RbRiTSEHCQ7wOVeALbkOz999YpqT46yMRIGtSNl2iCL1waAZSx40+h59NV/EwzV/A==}
    engines: {node: '>=18'}

  is-unicode-supported@2.1.0:
    resolution: {integrity: sha512-mE00Gnza5EEB3Ds0HfMyllZzbBrmLOX3vfWoj9A9PEnTfratQ/BcaJOuMhnkhjXvb2+FkY3VuHqtAGpTPmglFQ==}
    engines: {node: '>=18'}

  isexe@2.0.0:
    resolution: {integrity: sha512-RHxMLp9lnKHGHRng9QFhRCMbYAcVpn69smSGcq3f36xjgVVWThj4qqLbTLlq7Ssj8B+fIQ1EuCEGI2lKsyQeIw==}

  json-schema-traverse@1.0.0:
    resolution: {integrity: sha512-NM8/P9n3XjXhIZn1lLhkFaACTOURQXjWhV4BA/RnOv8xvgqtqpAX9IO4mRQxSx1Rlo4tqzeqb0sOlruaOy3dug==}

  magic-string@0.30.21:
    resolution: {integrity: sha512-vd2F4YUyEXKGcLHoq+TEyCjxueSeHnFxyyjNp80yg0XV4vUhnDer/lvvlqM/arB5bXQN5K2/3oinyCRyx8T2CQ==}

  npm-run-path@6.0.0:
    resolution: {integrity: sha512-9qny7Z9DsQU8Ou39ERsPU4OZQlSTP47ShQzuKZ6PRXpYLtIFgl/DEBYEXKlvcEa+9tHVcK8CF81Y2V72qaZhWA==}
    engines: {node: '>=18'}

  parse-ms@4.0.0:
    resolution: {integrity: sha512-TXfryirbmq34y8QBwgqCVLi+8oA3oWx2eAnSn62ITyEhEYaWRlVZ2DvMM9eZbMs/RfxPu/PK/aBLyGj4IrqMHw==}
    engines: {node: '>=18'}

  path-browserify-esm@1.0.6:
    resolution: {integrity: sha512-9nUwYvvu/yq1PYrUyYCihNWmpzacaRYF6gGbjLWErrZ4MRDWyfPN7RpE8E7tsw8eqBU/rr7mcoTXbS+Vih8uUA==}

  path-browserify@1.0.1:
    resolution: {integrity: sha512-b7uo2UCUOYZcnF/3ID0lulOJi/bafxa1xPe7ZPsammBSpjSWQkjNxlt635YGS2MiR9GjvuXCtz2emr3jbsz98g==}

  path-key@3.1.1:
    resolution: {integrity: sha512-ojmeN0qd+y0jszEtoY48r0Peq5dwMEkIlCOu6Q5f41lfkswXuKtYrhgoTpLnyIcHm24Uhqx+5Tqm2InSwLhE6Q==}
    engines: {node: '>=8'}

  path-key@4.0.0:
    resolution: {integrity: sha512-haREypq7xkM7ErfgIyA0z+Bj4AGKlMSdlQE2jvJo6huWD1EdkKYV+G/T4nq0YEF2vgTT8kqMFKo1uHn950r4SQ==}
    engines: {node: '>=12'}

  prettier@3.9.6:
    resolution: {integrity: sha512-OpN0zzVdiaiAhxpuuj5efpIS4sY9j7bY6uR5mnj5yPzGkdkjNKSJeUThPb60Jw29QuAZgA4o+/iB49kFiaBX6g==}
    engines: {node: '>=14'}
    hasBin: true

  pretty-ms@9.3.0:
    resolution: {integrity: sha512-gjVS5hOP+M3wMm5nmNOucbIrqudzs9v/57bWRHQWLYklXqoXKrVfYW2W9+glfGsqtPgpiz5WwyEEB+ksXIx3gQ==}
    engines: {node: '>=18'}

  remeda@2.43.0:
    resolution: {integrity: sha512-6V18zwONdwLwhzNjLY4KWW2b+nG7VXTi7yM+PtvsKyPug8JEPXjfV64hiXoATTbzU3e99i6uMVHkONj/iUaMUw==}
    engines: {node: '>=18.0.0'}

  require-from-string@2.0.2:
    resolution: {integrity: sha512-Xf0nWe6RseziFMu+Ap9biiUbmplq6S9/p+7w7YXP/JBHhrUDDUhwa+vANyubuqfZWTveU//DYVGsDG7RKL/vEw==}
    engines: {node: '>=0.10.0'}

  shebang-command@2.0.0:
    resolution: {integrity: sha512-kHxr2zZpYtdmrN1qDjrrX/Z1rR1kG8Dx+gkpK1G4eXmvXswmcE1hTWBWYUzlraYw1/yZp6YuDY77YtvbN0dmDA==}
    engines: {node: '>=8'}

  shebang-regex@3.0.0:
    resolution: {integrity: sha512-7++dFhtcx3353uBaq8DDR4NuxBetBzC7ZQOhmTQInHEd6bSrXdiEyzCvG07Z44UYdLShWUyXt5M/yhz8ekcb1A==}
    engines: {node: '>=8'}

  signal-exit@4.1.0:
    resolution: {integrity: sha512-bzyZ1e88w9O1iNJbKnOlvYTrWPDl46O1bG0D3XInv+9tkPrxrN8jUUTiFlDkkmKWgn1M6CfIA13SuGqOa9Korw==}
    engines: {node: '>=14'}

  strip-final-newline@4.0.0:
    resolution: {integrity: sha512-aulFJcD6YK8V1G7iRB5tigAP4TsHBZZrOV8pjV++zdUwmeV8uzbY7yn6h9MswN62adStNZFuCIx4haBnRuMDaw==}
    engines: {node: '>=18'}

  tiny-jsonc@1.0.2:
    resolution: {integrity: sha512-f5QDAfLq6zIVSyCZQZhhyl0QS6MvAyTxgz4X4x3+EoCktNWEYJ6PeoEA97fyb98njpBNNi88ybpD7m+BDFXaCw==}

  typescript@6.0.3:
    resolution: {integrity: sha512-y2TvuxSZPDyQakkFRPZHKFm+KKVqIisdg9/CZwm9ftvKXLP8NRWj38/ODjNbr43SsoXqNuAisEf1GdCxqWcdBw==}
    engines: {node: '>=14.17'}
    hasBin: true

  undici-types@8.3.0:
    resolution: {integrity: sha512-j375ScV60dom+YkPFIfTLcOiPxkN/buHz5GobjLhixFuANaNs3C9l4GmrWqejgXWJ7BbJcFYpTEUkS1Ge8bpZQ==}

  unicorn-magic@0.3.0:
    resolution: {integrity: sha512-+QBBXBCvifc56fsbuxZQ6Sic3wqqc3WWaqxs58gvJrcOuN83HGTCwz3oS5phzU9LthRNE9VrJCFCLUgHeeFnfA==}
    engines: {node: '>=18'}

  vscode-uri@3.1.0:
    resolution: {integrity: sha512-/BpdSx+yCQGnCvecbyXdxHDkuk55/G3xwnC0GqY4gmQ3j+A+g8kzzgB4Nk/SINjqn6+waqw3EgbVF2QKExkRxQ==}

  which@2.0.2:
    resolution: {integrity: sha512-BLI3Tl1TW3Pvl70l3yq3Y64i+awpwXqsGBYWkkqMtnbXgrMD+yj7rhW0kuEDxzJaYXGjEW5ogapKNMEKNMjibA==}
    engines: {node: '>= 8'}
    hasBin: true

  yaml@2.9.0:
    resolution: {integrity: sha512-2AvhNX3mb8zd6Zy7INTtSpl1F15HW6Wnqj0srWlkKLcpYl/gMIMJiyuGq2KeI2YFxUPjdlB+3Lc10seMLtL4cA==}
    engines: {node: '>= 14.6'}
    hasBin: true

  yoctocolors@2.2.0:
    resolution: {integrity: sha512-xYqdZFUK/VYazNl/oCDYN+3WloWQwMfZxBoiNt6qNyk+xfOdi598muWE42rNZFp1kNOiqW936q5RhUdnpqElSg==}
    engines: {node: '>=18'}

  zimmerframe@1.1.4:
    resolution: {integrity: sha512-B58NGBEoc8Y9MWWCQGl/gq9xBCe4IiKM0a2x7GZdQKOW5Exr8S1W24J6OgM1njK8xCRGvAJIL/MxXHf6SkmQKQ==}

snapshots:

  '@ark/schema@0.56.2':
    dependencies:
      '@ark/util': 0.56.2

  '@ark/util@0.56.2': {}

  '@bufbuild/protobuf@2.14.0': {}

  '@gi-tcg/core@0.20.8':
    dependencies:
      '@gi-tcg/gts-runtime': 0.7.7
      '@gi-tcg/typings': 0.20.8
      '@gi-tcg/utils': 0.20.8
      immer: 11.1.18
      remeda: 2.43.0

  '@gi-tcg/gts-language-plugin@0.7.6(typescript@6.0.3)':
    dependencies:
      '@gi-tcg/gts-transpiler': 0.7.6
      '@volar/language-core': 2.4.28
      '@volar/typescript': 2.4.28
      typescript: 6.0.3
      vscode-uri: 3.1.0
    transitivePeerDependencies:
      - babel-plugin-macros

  '@gi-tcg/gts-runtime@0.7.7':
    dependencies:
      ajv: 8.20.0

  '@gi-tcg/gts-transpiler@0.7.6':
    dependencies:
      '@sveltejs/acorn-typescript': 1.0.13(acorn@8.18.0)
      '@types/estree': 1.0.9
      acorn: 8.18.0
      dedent: 1.7.2
      espolar: 0.6.5(@types/estree@1.0.9)
      esrap: 2.2.1
      magic-string: 0.30.21
      path-browserify-esm: 1.0.6
      zimmerframe: 1.1.4
    transitivePeerDependencies:
      - babel-plugin-macros

  '@gi-tcg/gtsc@0.7.6(typescript@6.0.3)':
    dependencies:
      '@gi-tcg/gts-language-plugin': 0.7.6(typescript@6.0.3)
      '@volar/typescript': 2.4.28
      typescript: 6.0.3
    transitivePeerDependencies:
      - babel-plugin-macros

  '@gi-tcg/prettier-plugin-gts@0.7.6(prettier@3.9.6)':
    dependencies:
      '@gi-tcg/gts-transpiler': 0.7.6
      prettier: 3.9.6
    transitivePeerDependencies:
      - babel-plugin-macros

  '@gi-tcg/typings@0.20.8':
    dependencies:
      '@bufbuild/protobuf': 2.14.0
      execa: 9.6.1

  '@gi-tcg/utils@0.20.8':
    dependencies:
      '@ark/schema': 0.56.2
      arktype: 2.2.3

  '@jridgewell/sourcemap-codec@1.5.5': {}

  '@sec-ant/readable-stream@0.4.1': {}

  '@sindresorhus/merge-streams@4.0.0': {}

  '@sveltejs/acorn-typescript@1.0.13(acorn@8.18.0)':
    dependencies:
      acorn: 8.18.0

  '@types/estree@1.0.9': {}

  '@types/node@26.2.0':
    dependencies:
      undici-types: 8.3.0

  '@typescript-eslint/types@8.67.0': {}

  '@volar/language-core@2.4.28':
    dependencies:
      '@volar/source-map': 2.4.28

  '@volar/source-map@2.4.28': {}

  '@volar/typescript@2.4.28':
    dependencies:
      '@volar/language-core': 2.4.28
      path-browserify: 1.0.1
      vscode-uri: 3.1.0

  acorn@8.18.0: {}

  ajv@8.20.0:
    dependencies:
      fast-deep-equal: 3.1.3
      fast-uri: 3.1.6
      json-schema-traverse: 1.0.0
      require-from-string: 2.0.2

  arkregex@0.0.8:
    dependencies:
      '@ark/util': 0.56.2

  arktype@2.2.3:
    dependencies:
      '@ark/schema': 0.56.2
      '@ark/util': 0.56.2
      arkregex: 0.0.8

  cross-spawn@7.0.6:
    dependencies:
      path-key: 3.1.1
      shebang-command: 2.0.0
      which: 2.0.2

  dedent@1.7.2: {}

  espolar@0.6.5(@types/estree@1.0.9):
    dependencies:
      '@typescript-eslint/types': 8.67.0
      '@volar/source-map': 2.4.28
    optionalDependencies:
      '@types/estree': 1.0.9

  esrap@2.2.1:
    dependencies:
      '@jridgewell/sourcemap-codec': 1.5.5

  execa@9.6.1:
    dependencies:
      '@sindresorhus/merge-streams': 4.0.0
      cross-spawn: 7.0.6
      figures: 6.1.0
      get-stream: 9.0.1
      human-signals: 8.0.1
      is-plain-obj: 4.1.0
      is-stream: 4.0.1
      npm-run-path: 6.0.0
      pretty-ms: 9.3.0
      signal-exit: 4.1.0
      strip-final-newline: 4.0.0
      yoctocolors: 2.2.0

  fast-deep-equal@3.1.3: {}

  fast-uri@3.1.6: {}

  figures@6.1.0:
    dependencies:
      is-unicode-supported: 2.1.0

  get-stream@9.0.1:
    dependencies:
      '@sec-ant/readable-stream': 0.4.1
      is-stream: 4.0.1

  human-signals@8.0.1: {}

  immer@11.1.18: {}

  is-plain-obj@4.1.0: {}

  is-stream@4.0.1: {}

  is-unicode-supported@2.1.0: {}

  isexe@2.0.0: {}

  json-schema-traverse@1.0.0: {}

  magic-string@0.30.21:
    dependencies:
      '@jridgewell/sourcemap-codec': 1.5.5

  npm-run-path@6.0.0:
    dependencies:
      path-key: 4.0.0
      unicorn-magic: 0.3.0

  parse-ms@4.0.0: {}

  path-browserify-esm@1.0.6: {}

  path-browserify@1.0.1: {}

  path-key@3.1.1: {}

  path-key@4.0.0: {}

  prettier@3.9.6: {}

  pretty-ms@9.3.0:
    dependencies:
      parse-ms: 4.0.0

  remeda@2.43.0: {}

  require-from-string@2.0.2: {}

  shebang-command@2.0.0:
    dependencies:
      shebang-regex: 3.0.0

  shebang-regex@3.0.0: {}

  signal-exit@4.1.0: {}

  strip-final-newline@4.0.0: {}

  tiny-jsonc@1.0.2: {}

  typescript@6.0.3: {}

  undici-types@8.3.0: {}

  unicorn-magic@0.3.0: {}

  vscode-uri@3.1.0: {}

  which@2.0.2:
    dependencies:
      isexe: 2.0.0

  yaml@2.9.0: {}

  yoctocolors@2.2.0: {}

  zimmerframe@1.1.4: {}
